
Microsoft Visual Studio Solution File, Format Version 12.00
# Visual Studio Version 17
VisualStudioVersion = 17.14.37012.4 d17.14
MinimumVisualStudioVersion = 10.0.40219.1
Project("{FAE04EC0-301F-11D3-BF4B-00C04F79EFBC}") = "ReviewHarvester", "ReviewHarvester.csproj", "{9BE875AC-94F3-4D76-8AC9-F53C654BC838}"
EndProject
Global
	GlobalSection(SolutionConfigurationPlatforms) = preSolution
		Debug|Any CPU = Debug|Any CPU
		Release|Any CPU = Release|Any CPU
	EndGlobalSection
	GlobalSection(ProjectConfigurationPlatforms) = postSolution
		{9BE875AC-94F3-4D76-8AC9-F53C654BC838}.Debug|Any CPU.ActiveCfg = Debug|Any CPU
		{9BE875AC-94F3-4D76-8AC9-F53C654BC838}.Debug|Any CPU.Build.0 = Debug|Any CPU
		{9BE875AC-94F3-4D76-8AC9-F53C654BC838}.Release|Any CPU.ActiveCfg = Release|Any CPU
		{9BE875AC-94F3-4D76-8AC9-F53C654BC838}.Release|Any CPU.Build.0 = Release|Any CPU
	EndGlobalSection
	GlobalSection(SolutionProperties) = preSolution
		HideSolutionNode = FALSE
	EndGlobalSection
	GlobalSection(ExtensibilityGlobals) = postSolution
		SolutionGuid = {B0D97493-E072-44E9-8288-E05060EADF86}
	EndGlobalSection
EndGlobal
